# This file is generated by running "yarn install" inside your project.
# Manual changes might be lost - proceed with caution!

__metadata:
  version: 4
  cacheKey: 5

"@actions/core@npm:^1.2.6":
  version: 1.2.6
  resolution: "@actions/core@npm:1.2.6"
  checksum: 984c7d5ae95c02f62f69549a9d5cfbc0db0b035f519775301b397c167791ceee269fb504cb622da541d1fa305ee4ad3fc30d017c6407045aa4eb6809eee4c549
  languageName: node
  linkType: hard

"flamableassassin@workspace:.":
  version: 0.0.0-use.local
  resolution: "flamableassassin@workspace:."
  dependencies:
    "@actions/core": ^1.2.6
    node-fetch: ^2.6.1
  languageName: unknown
  linkType: soft

"node-fetch@npm:^2.6.1":
  version: 2.6.1
  resolution: "node-fetch@npm:2.6.1"
  checksum: cbb171635e538162b977eac5dfe7a1e07a9a02e991924377a6435502291e2f823d306b95aabc455caebf4a118ccf836868462bc70ccc3095af02bb9da61fda37
  languageName: node
  linkType: hard
